
Microsoft Visual Studio Solution File, Format Version 12.00
# Visual Studio Version 17
VisualStudioVersion = 17.0.31903.59
MinimumVisualStudioVersion = 10.0.40219.1
Project("{FAE04EC0-301F-11D3-BF4B-00C04F79EFBC}") = "Xadrez", "Xadrez\Xadrez.csproj", "{D9325CC2-B235-43BD-BB49-B88B6A43B0A4}"
EndProject
Project("{FAE04EC0-301F-11D3-BF4B-00C04F79EFBC}") = "XadrezTests", "XadrezTests\XadrezTests.csproj", "{9F8E9FCF-D444-452C-B369-62D98A629C0D}"
EndProject
Global
	GlobalSection(SolutionConfigurationPlatforms) = preSolution
		Debug|Any CPU = Debug|Any CPU
		Release|Any CPU = Release|Any CPU
	EndGlobalSection
	GlobalSection(SolutionProperties) = preSolution
		HideSolutionNode = FALSE
	EndGlobalSection
	GlobalSection(ProjectConfigurationPlatforms) = postSolution
		{D9325CC2-B235-43BD-BB49-B88B6A43B0A4}.Debug|Any CPU.ActiveCfg = Debug|Any CPU
		{D9325CC2-B235-43BD-BB49-B88B6A43B0A4}.Debug|Any CPU.Build.0 = Debug|Any CPU
		{D9325CC2-B235-43BD-BB49-B88B6A43B0A4}.Release|Any CPU.ActiveCfg = Release|Any CPU
		{D9325CC2-B235-43BD-BB49-B88B6A43B0A4}.Release|Any CPU.Build.0 = Release|Any CPU
		{9F8E9FCF-D444-452C-B369-62D98A629C0D}.Debug|Any CPU.ActiveCfg = Debug|Any CPU
		{9F8E9FCF-D444-452C-B369-62D98A629C0D}.Debug|Any CPU.Build.0 = Debug|Any CPU
		{9F8E9FCF-D444-452C-B369-62D98A629C0D}.Release|Any CPU.ActiveCfg = Release|Any CPU
		{9F8E9FCF-D444-452C-B369-62D98A629C0D}.Release|Any CPU.Build.0 = Release|Any CPU
	EndGlobalSection
EndGlobal
